
Microsoft Visual Studio Solution File, Format Version 12.00
# Visual Studio Version 17
VisualStudioVersion = 17.11.35208.52
MinimumVisualStudioVersion = 10.0.40219.1
Project("{9A19103F-16F7-4668-BE54-9A1E7A4F7556}") = "Bombones2025.Entidades", "Bombones2025.Entidades\Bombones2025.Entidades.csproj", "{E2401A2D-2A2D-405A-B477-46255931EC4E}"
EndProject
Project("{9A19103F-16F7-4668-BE54-9A1E7A4F7556}") = "Bombones2025.Datos", "Bombones2025.Datos\Bombones2025.Datos.csproj", "{8BE9A521-74F5-454E-859D-E7ECB7CE5390}"
EndProject
Project("{FAE04EC0-301F-11D3-BF4B-00C04F79EFBC}") = "Bombones2025.Servicios", "Bombones2025.Servicios\Bombones2025.Servicios.csproj", "{ABDFC754-185B-43CF-8DCD-A4E42D44CBE5}"
EndProject
Project("{FAE04EC0-301F-11D3-BF4B-00C04F79EFBC}") = "Bombones2025.Consola", "Bombones2025.Consola\Bombones2025.Consola.csproj", "{317DFE95-E304-44F8-B12C-B29E3DB7A221}"
EndProject
Project("{FAE04EC0-301F-11D3-BF4B-00C04F79EFBC}") = "Bombones2025Semi.Windows", "Bombones2025Semi.Windows\Bombones2025Semi.Windows.csproj", "{A6F36C3A-EAD4-4E88-97AA-00C6B9FF6BD5}"
EndProject
Global
	GlobalSection(SolutionConfigurationPlatforms) = preSolution
		Debug|Any CPU = Debug|Any CPU
		Release|Any CPU = Release|Any CPU
	EndGlobalSection
	GlobalSection(ProjectConfigurationPlatforms) = postSolution
		{E2401A2D-2A2D-405A-B477-46255931EC4E}.Debug|Any CPU.ActiveCfg = Debug|Any CPU
		{E2401A2D-2A2D-405A-B477-46255931EC4E}.Debug|Any CPU.Build.0 = Debug|Any CPU
		{E2401A2D-2A2D-405A-B477-46255931EC4E}.Release|Any CPU.ActiveCfg = Release|Any CPU
		{E2401A2D-2A2D-405A-B477-46255931EC4E}.Release|Any CPU.Build.0 = Release|Any CPU
		{8BE9A521-74F5-454E-859D-E7ECB7CE5390}.Debug|Any CPU.ActiveCfg = Debug|Any CPU
		{8BE9A521-74F5-454E-859D-E7ECB7CE5390}.Debug|Any CPU.Build.0 = Debug|Any CPU
		{8BE9A521-74F5-454E-859D-E7ECB7CE5390}.Release|Any CPU.ActiveCfg = Release|Any CPU
		{8BE9A521-74F5-454E-859D-E7ECB7CE5390}.Release|Any CPU.Build.0 = Release|Any CPU
		{ABDFC754-185B-43CF-8DCD-A4E42D44CBE5}.Debug|Any CPU.ActiveCfg = Debug|Any CPU
		{ABDFC754-185B-43CF-8DCD-A4E42D44CBE5}.Debug|Any CPU.Build.0 = Debug|Any CPU
		{ABDFC754-185B-43CF-8DCD-A4E42D44CBE5}.Release|Any CPU.ActiveCfg = Release|Any CPU
		{ABDFC754-185B-43CF-8DCD-A4E42D44CBE5}.Release|Any CPU.Build.0 = Release|Any CPU
		{317DFE95-E304-44F8-B12C-B29E3DB7A221}.Debug|Any CPU.ActiveCfg = Debug|Any CPU
		{317DFE95-E304-44F8-B12C-B29E3DB7A221}.Debug|Any CPU.Build.0 = Debug|Any CPU
		{317DFE95-E304-44F8-B12C-B29E3DB7A221}.Release|Any CPU.ActiveCfg = Release|Any CPU
		{317DFE95-E304-44F8-B12C-B29E3DB7A221}.Release|Any CPU.Build.0 = Release|Any CPU
		{A6F36C3A-EAD4-4E88-97AA-00C6B9FF6BD5}.Debug|Any CPU.ActiveCfg = Debug|Any CPU
		{A6F36C3A-EAD4-4E88-97AA-00C6B9FF6BD5}.Debug|Any CPU.Build.0 = Debug|Any CPU
		{A6F36C3A-EAD4-4E88-97AA-00C6B9FF6BD5}.Release|Any CPU.ActiveCfg = Release|Any CPU
		{A6F36C3A-EAD4-4E88-97AA-00C6B9FF6BD5}.Release|Any CPU.Build.0 = Release|Any CPU
	EndGlobalSection
	GlobalSection(SolutionProperties) = preSolution
		HideSolutionNode = FALSE
	EndGlobalSection
	GlobalSection(ExtensibilityGlobals) = postSolution
		SolutionGuid = {57654F0D-00B3-4CD4-936D-99EC3CB07D84}
	EndGlobalSection
EndGlobal
